{
  "name": "assemblefactory",
  "version": "1.0.0",
  "lockfileVersion": 1,
  "requires": true,
  "dependencies": {
    "afinn-165": {
      "version": "1.0.4",
      "resolved": "https://registry.npm.taobao.org/afinn-165/download/afinn-165-1.0.4.tgz",
      "integrity": "sha1-Or9riSLdXbhNhOCr0VWSQ4Hdc6Q="
    },
    "apparatus": {
      "version": "0.0.10",
      "resolved": "https://registry.npm.taobao.org/apparatus/download/apparatus-0.0.10.tgz",
      "integrity": "sha1-gep1Z3Ktp3hj21TO7oICwQm9yj4=",
      "requires": {
        "sylvester": ">= 0.0.8"
      }
    },
    "atob-lite": {
      "version": "2.0.0",
      "resolved": "https://registry.npm.taobao.org/atob-lite/download/atob-lite-2.0.0.tgz",
      "integrity": "sha1-D+9a1G8b16hQLGVyfwNn1e5D1pY="
    },
    "balanced-match": {
      "version": "1.0.0",
      "resolved": "https://registry.npm.taobao.org/balanced-match/download/balanced-match-1.0.0.tgz",
      "integrity": "sha1-ibTRmasr7kneFk6gK4nORi1xt2c="
    },
    "base64-js": {
      "version": "1.5.1",
      "resolved": "https://registry.npm.taobao.org/base64-js/download/base64-js-1.5.1.tgz",
      "integrity": "sha1-GxtEAWClv3rUC2UPCVljSBkDkwo="
    },
    "bl": {
      "version": "2.2.1",
      "resolved": "https://registry.npm.taobao.org/bl/download/bl-2.2.1.tgz?cache=0&sync_timestamp=1612867177492&other_urls=https%3A%2F%2Fregistry.npm.taobao.org%2Fbl%2Fdownload%2Fbl-2.2.1.tgz",
      "integrity": "sha1-jBGntzBlXF1WiYzchxIk9A/ZAdU=",
      "requires": {
        "readable-stream": "^2.3.5",
        "safe-buffer": "^5.1.1"
      },
      "dependencies": {
        "isarray": {
          "version": "1.0.0",
          "resolved": "https://registry.npm.taobao.org/isarray/download/isarray-1.0.0.tgz",
          "integrity": "sha1-u5NdSFgsuhaMBoNJV6VKPgcSTxE="
        },
        "readable-stream": {
          "version": "2.3.7",
          "resolved": "https://registry.npm.taobao.org/readable-stream/download/readable-stream-2.3.7.tgz",
          "integrity": "sha1-Hsoc9xGu+BTAT2IlKjamL2yyO1c=",
          "requires": {
            "core-util-is": "~1.0.0",
            "inherits": "~2.0.3",
            "isarray": "~1.0.0",
            "process-nextick-args": "~2.0.0",
            "safe-buffer": "~5.1.1",
            "string_decoder": "~1.1.1",
            "util-deprecate": "~1.0.1"
          },
          "dependencies": {
            "safe-buffer": {
              "version": "5.1.2",
              "resolved": "https://registry.npm.taobao.org/safe-buffer/download/safe-buffer-5.1.2.tgz",
              "integrity": "sha1-mR7GnSluAxN0fVm9/St0XDX4go0="
            }
          }
        },
        "string_decoder": {
          "version": "1.1.1",
          "resolved": "https://registry.npm.taobao.org/string_decoder/download/string_decoder-1.1.1.tgz",
          "integrity": "sha1-nPFhG6YmhdcDCunkujQUnDrwP8g=",
          "requires": {
            "safe-buffer": "~5.1.0"
          },
          "dependencies": {
            "safe-buffer": {
              "version": "5.1.2",
              "resolved": "https://registry.npm.taobao.org/safe-buffer/download/safe-buffer-5.1.2.tgz",
              "integrity": "sha1-mR7GnSluAxN0fVm9/St0XDX4go0="
            }
          }
        }
      }
    },
    "blob-to-buffer": {
      "version": "1.2.9",
      "resolved": "https://registry.npm.taobao.org/blob-to-buffer/download/blob-to-buffer-1.2.9.tgz",
      "integrity": "sha1-oX/WwcVkARQI+JceRRVEJF2qqEo="
    },
    "brace-expansion": {
      "version": "1.1.11",
      "resolved": "https://registry.npm.taobao.org/brace-expansion/download/brace-expansion-1.1.11.tgz",
      "integrity": "sha1-PH/L9SnYcibz0vUrlm/1Jx60Qd0=",
      "requires": {
        "balanced-match": "^1.0.0",
        "concat-map": "0.0.1"
      }
    },
    "buffer": {
      "version": "5.7.1",
      "resolved": "https://registry.npm.taobao.org/buffer/download/buffer-5.7.1.tgz?cache=0&sync_timestamp=1606098100352&other_urls=https%3A%2F%2Fregistry.npm.taobao.org%2Fbuffer%2Fdownload%2Fbuffer-5.7.1.tgz",
      "integrity": "sha1-umLnwTEzBTWCGXFghRqPZI6Z7tA=",
      "requires": {
        "base64-js": "^1.3.1",
        "ieee754": "^1.1.13"
      }
    },
    "buffer-dataview": {
      "version": "0.0.2",
      "resolved": "https://registry.npm.taobao.org/buffer-dataview/download/buffer-dataview-0.0.2.tgz",
      "integrity": "sha1-8r5+4prCRD/zcG3e90bHXP5lB+E="
    },
    "buffer-to-arraybuffer": {
      "version": "0.0.5",
      "resolved": "https://registry.npm.taobao.org/buffer-to-arraybuffer/download/buffer-to-arraybuffer-0.0.5.tgz",
      "integrity": "sha1-YGSkD6dutDxyOrqe+PbhIW0QURo="
    },
    "check-word": {
      "version": "1.1.0",
      "resolved": "https://registry.npm.taobao.org/check-word/download/check-word-1.1.0.tgz",
      "integrity": "sha1-StXBFButGXTOR/0RdvnUNpAXxHU="
    },
    "cli": {
      "version": "1.0.1",
      "resolved": "https://registry.npm.taobao.org/cli/download/cli-1.0.1.tgz",
      "integrity": "sha1-IoF1NPJL+klQw01TLUjsvGIbjBQ=",
      "requires": {
        "exit": "0.1.2",
        "glob": "^7.1.1"
      }
    },
    "concat-map": {
      "version": "0.0.1",
      "resolved": "https://registry.npm.taobao.org/concat-map/download/concat-map-0.0.1.tgz",
      "integrity": "sha1-2Klr13/Wjfd5OnMDajug1UBdR3s="
    },
    "console-browserify": {
      "version": "1.1.0",
      "resolved": "https://registry.npm.taobao.org/console-browserify/download/console-browserify-1.1.0.tgz",
      "integrity": "sha1-8CQcRXMKn8YyOyBtvzjtx0HQuxA=",
      "requires": {
        "date-now": "^0.1.4"
      }
    },
    "core-util-is": {
      "version": "1.0.2",
      "resolved": "https://registry.npm.taobao.org/core-util-is/download/core-util-is-1.0.2.tgz",
      "integrity": "sha1-tf1UIgqivFq1eqtxQMlAdUUDwac="
    },
    "date-now": {
      "version": "0.1.4",
      "resolved": "https://registry.npm.taobao.org/date-now/download/date-now-0.1.4.tgz",
      "integrity": "sha1-6vQ5/U1ISK105cx9vvIAZyueNFs="
    },
    "detect-node": {
      "version": "2.0.5",
      "resolved": "https://registry.npm.taobao.org/detect-node/download/detect-node-2.0.5.tgz",
      "integrity": "sha1-nScKp+qlrwtyxMnZuBTn9M5zi3k="
    },
    "dictionary-en-us": {
      "version": "2.2.1",
      "resolved": "https://registry.npm.taobao.org/dictionary-en-us/download/dictionary-en-us-2.2.1.tgz",
      "integrity": "sha1-9X75rg7c+gpw22VYhD3loBy4d3E="
    },
    "dom-serializer": {
      "version": "0.2.2",
      "resolved": "https://registry.npm.taobao.org/dom-serializer/download/dom-serializer-0.2.2.tgz?cache=0&sync_timestamp=1607193111136&other_urls=https%3A%2F%2Fregistry.npm.taobao.org%2Fdom-serializer%2Fdownload%2Fdom-serializer-0.2.2.tgz",
      "integrity": "sha1-GvuB9TNxcXXUeGVd68XjMtn5u1E=",
      "requires": {
        "domelementtype": "^2.0.1",
        "entities": "^2.0.0"
      },
      "dependencies": {
        "domelementtype": {
          "version": "2.1.0",
          "resolved": "https://registry.npm.taobao.org/domelementtype/download/domelementtype-2.1.0.tgz?cache=0&sync_timestamp=1606865969598&other_urls=https%3A%2F%2Fregistry.npm.taobao.org%2Fdomelementtype%2Fdownload%2Fdomelementtype-2.1.0.tgz",
          "integrity": "sha1-qFHAgKbRw9lDRK7RUdmfZp7fWF4="
        },
        "entities": {
          "version": "2.2.0",
          "resolved": "https://registry.npm.taobao.org/entities/download/entities-2.2.0.tgz?cache=0&sync_timestamp=1611535711703&other_urls=https%3A%2F%2Fregistry.npm.taobao.org%2Fentities%2Fdownload%2Fentities-2.2.0.tgz",
          "integrity": "sha1-CY3JDruD2N/6CJ1VJWs1HTTE2lU="
        }
      }
    },
    "domelementtype": {
      "version": "1.3.1",
      "resolved": "https://registry.npm.taobao.org/domelementtype/download/domelementtype-1.3.1.tgz?cache=0&sync_timestamp=1606865969598&other_urls=https%3A%2F%2Fregistry.npm.taobao.org%2Fdomelementtype%2Fdownload%2Fdomelementtype-1.3.1.tgz",
      "integrity": "sha1-0EjESzew0Qp/Kj1f7j9DM9eQSB8="
    },
    "domhandler": {
      "version": "2.3.0",
      "resolved": "https://registry.npm.taobao.org/domhandler/download/domhandler-2.3.0.tgz?cache=0&sync_timestamp=1606872259940&other_urls=https%3A%2F%2Fregistry.npm.taobao.org%2Fdomhandler%2Fdownload%2Fdomhandler-2.3.0.tgz",
      "integrity": "sha1-LeWaCCLVAn+r/28DLCsloqir5zg=",
      "requires": {
        "domelementtype": "1"
      }
    },
    "domutils": {
      "version": "1.5.1",
      "resolved": "https://registry.npm.taobao.org/domutils/download/domutils-1.5.1.tgz?cache=0&other_urls=https%3A%2F%2Fregistry.npm.taobao.org%2Fdomutils%2Fdownload%2Fdomutils-1.5.1.tgz",
      "integrity": "sha1-3NhIiib1Y9YQeeSMn3t+Mjc2gs8=",
      "requires": {
        "dom-serializer": "0",
        "domelementtype": "1"
      }
    },
    "doublearray": {
      "version": "0.0.2",
      "resolved": "https://registry.npm.taobao.org/doublearray/download/doublearray-0.0.2.tgz",
      "integrity": "sha1-Yxhv6NNEEydtNiH2qg7F954ifvk="
    },
    "en-inflectors": {
      "version": "1.0.12",
      "resolved": "https://registry.npm.taobao.org/en-inflectors/download/en-inflectors-1.0.12.tgz",
      "integrity": "sha1-/TNHdmCKAhy0ICFX8g1Sq5NK94o=",
      "requires": {
        "en-stemmer": "^1.0.2"
      }
    },
    "en-lexicon": {
      "version": "1.0.11",
      "resolved": "https://registry.npm.taobao.org/en-lexicon/download/en-lexicon-1.0.11.tgz",
      "integrity": "sha1-P02oqcypqQb1ELjs4RYxvj/REF8=",
      "requires": {
        "en-inflectors": "^1.0.7"
      }
    },
    "en-stemmer": {
      "version": "1.0.3",
      "resolved": "https://registry.npm.taobao.org/en-stemmer/download/en-stemmer-1.0.3.tgz",
      "integrity": "sha1-LSL7XbkAWojW/FgCazioMci8fBk="
    },
    "entities": {
      "version": "1.0.0",
      "resolved": "https://registry.npm.taobao.org/entities/download/entities-1.0.0.tgz?cache=0&sync_timestamp=1611535711703&other_urls=https%3A%2F%2Fregistry.npm.taobao.org%2Fentities%2Fdownload%2Fentities-1.0.0.tgz",
      "integrity": "sha1-sph6o4ITR/zeZCsk/fyeT7cSvyY="
    },
    "exit": {
      "version": "0.1.2",
      "resolved": "https://registry.npm.taobao.org/exit/download/exit-0.1.2.tgz",
      "integrity": "sha1-BjJjj42HfMghB9MKD/8aF8uhzQw="
    },
    "fs-web": {
      "version": "1.0.1",
      "resolved": "https://registry.npm.taobao.org/fs-web/download/fs-web-1.0.1.tgz",
      "integrity": "sha1-UxfnF6+U2xaH2oKkj8buT4CLEhs=",
      "requires": {
        "path": "git://github.com/component/path.git#7b4f23c38833a5232cd5e3d50ccb8cd13dbcd2f4"
      }
    },
    "fs.realpath": {
      "version": "1.0.0",
      "resolved": "https://registry.npm.taobao.org/fs.realpath/download/fs.realpath-1.0.0.tgz",
      "integrity": "sha1-FQStJSMVjKpA20onh8sBQRmU6k8="
    },
    "glob": {
      "version": "7.1.6",
      "resolved": "https://registry.npm.taobao.org/glob/download/glob-7.1.6.tgz",
      "integrity": "sha1-FB8zuBp8JJLhJVlDB0gMRmeSeKY=",
      "requires": {
        "fs.realpath": "^1.0.0",
        "inflight": "^1.0.4",
        "inherits": "2",
        "minimatch": "^3.0.4",
        "once": "^1.3.0",
        "path-is-absolute": "^1.0.0"
      }
    },
    "htmlparser2": {
      "version": "3.8.3",
      "resolved": "https://registry.npm.taobao.org/htmlparser2/download/htmlparser2-3.8.3.tgz?cache=0&sync_timestamp=1615145021725&other_urls=https%3A%2F%2Fregistry.npm.taobao.org%2Fhtmlparser2%2Fdownload%2Fhtmlparser2-3.8.3.tgz",
      "integrity": "sha1-mWwosZFRaovoZQGn15dX5ccMEGg=",
      "requires": {
        "domelementtype": "1",
        "domhandler": "2.3",
        "domutils": "1.5",
        "entities": "1.0",
        "readable-stream": "1.1"
      }
    },
    "ieee754": {
      "version": "1.2.1",
      "resolved": "https://registry.npm.taobao.org/ieee754/download/ieee754-1.2.1.tgz?cache=0&sync_timestamp=1603838209136&other_urls=https%3A%2F%2Fregistry.npm.taobao.org%2Fieee754%2Fdownload%2Fieee754-1.2.1.tgz",
      "integrity": "sha1-jrehCmP/8l0VpXsAFYbRd9Gw01I="
    },
    "inflight": {
      "version": "1.0.6",
      "resolved": "https://registry.npm.taobao.org/inflight/download/inflight-1.0.6.tgz",
      "integrity": "sha1-Sb1jMdfQLQwJvJEKEHW6gWW1bfk=",
      "requires": {
        "once": "^1.3.0",
        "wrappy": "1"
      }
    },
    "inherits": {
      "version": "2.0.4",
      "resolved": "https://registry.npm.taobao.org/inherits/download/inherits-2.0.4.tgz",
      "integrity": "sha1-D6LGT5MpF8NDOg3tVTY6rjdBa3w="
    },
    "is-base64": {
      "version": "0.1.0",
      "resolved": "https://registry.npm.taobao.org/is-base64/download/is-base64-0.1.0.tgz",
      "integrity": "sha1-pvIGEMbvSGOlHLoyvAIiVEuTJiI="
    },
    "is-buffer": {
      "version": "2.0.5",
      "resolved": "https://registry.npm.taobao.org/is-buffer/download/is-buffer-2.0.5.tgz?cache=0&sync_timestamp=1604429388528&other_urls=https%3A%2F%2Fregistry.npm.taobao.org%2Fis-buffer%2Fdownload%2Fis-buffer-2.0.5.tgz",
      "integrity": "sha1-68JS5ADSL/jXf6CYiIIaJKZYwZE="
    },
    "isarray": {
      "version": "0.0.1",
      "resolved": "https://registry.npm.taobao.org/isarray/download/isarray-0.0.1.tgz",
      "integrity": "sha1-ihis/Kmo9Bd+Cav8YDiTmwXR7t8="
    },
    "js-bktree": {
      "version": "1.0.0",
      "resolved": "https://registry.npm.taobao.org/js-bktree/download/js-bktree-1.0.0.tgz",
      "integrity": "sha1-SUgVboGYL79DuMkkX/DgQJlnu+8="
    },
    "js-mdict": {
      "version": "4.0.5",
      "resolved": "https://registry.npm.taobao.org/js-mdict/download/js-mdict-4.0.5.tgz",
      "integrity": "sha1-Viarx3Tsb07bo3+u89WR0KsnLMU=",
      "requires": {
        "bl": "^2.0.1",
        "blob-to-buffer": "^1.2.6",
        "buffer": "^5.0.7",
        "buffer-dataview": "0.0.2",
        "buffer-to-arraybuffer": "0.0.5",
        "detect-node": "^2.0.3",
        "dictionary-en-us": "^2.0.0",
        "doublearray": "0.0.2",
        "fs-web": "^1.0.1",
        "js-bktree": "^1.0.0",
        "lemmatizer": "0.0.1",
        "lodash": "^4.17.10",
        "nspell": "^2.1.1",
        "pako": "^1.0.6",
        "read-chunk": "^2.1.0",
        "string-to-arraybuffer": "^1.0.0",
        "text-encoding": "^0.6.4",
        "xmldom": "^0.1.27"
      }
    },
    "jshint": {
      "version": "2.12.0",
      "resolved": "https://registry.npm.taobao.org/jshint/download/jshint-2.12.0.tgz",
      "integrity": "sha1-Uudb0FjVh++BoOL5XlzxjrXcXDc=",
      "requires": {
        "cli": "~1.0.0",
        "console-browserify": "1.1.x",
        "exit": "0.1.x",
        "htmlparser2": "3.8.x",
        "lodash": "~4.17.19",
        "minimatch": "~3.0.2",
        "shelljs": "0.3.x",
        "strip-json-comments": "1.0.x"
      }
    },
    "json-stable-stringify": {
      "version": "1.0.1",
      "resolved": "https://registry.npm.taobao.org/json-stable-stringify/download/json-stable-stringify-1.0.1.tgz",
      "integrity": "sha1-mnWdOcXy/1A/1TAGRu1EX4jE+a8=",
      "requires": {
        "jsonify": "~0.0.0"
      }
    },
    "jsonify": {
      "version": "0.0.0",
      "resolved": "https://registry.npm.taobao.org/jsonify/download/jsonify-0.0.0.tgz",
      "integrity": "sha1-LHS27kHZPKUbe1qu6PUDYx0lKnM="
    },
    "lemmatizer": {
      "version": "0.0.1",
      "resolved": "https://registry.npm.taobao.org/lemmatizer/download/lemmatizer-0.0.1.tgz",
      "integrity": "sha1-0n7gkCU5L8FLAUSU86aIGjNx++Y=",
      "requires": {
        "en-inflectors": "^1.0.11",
        "en-lexicon": "^1.0.10",
        "en-stemmer": "^1.0.3"
      }
    },
    "lodash": {
      "version": "4.17.21",
      "resolved": "https://registry.npm.taobao.org/lodash/download/lodash-4.17.21.tgz?cache=0&sync_timestamp=1613835860585&other_urls=https%3A%2F%2Fregistry.npm.taobao.org%2Flodash%2Fdownload%2Flodash-4.17.21.tgz",
      "integrity": "sha1-Z5WRxWTDv/quhFTPCz3zcMPWkRw="
    },
    "minimatch": {
      "version": "3.0.4",
      "resolved": "https://registry.npm.taobao.org/minimatch/download/minimatch-3.0.4.tgz",
      "integrity": "sha1-UWbihkV/AzBgZL5Ul+jbsMPTIIM=",
      "requires": {
        "brace-expansion": "^1.1.7"
      }
    },
    "natural": {
      "version": "4.0.2",
      "resolved": "https://registry.npm.taobao.org/natural/download/natural-4.0.2.tgz",
      "integrity": "sha1-5MEwPPUQdM0o3AL8X3Tneswdgl8=",
      "requires": {
        "afinn-165": "^1.0.2",
        "apparatus": "^0.0.10",
        "jshint": "^2.12.0",
        "json-stable-stringify": "^1.0.1",
        "sylvester": "^0.0.12",
        "underscore": "^1.9.1",
        "wordnet-db": "^3.1.11"
      }
    },
    "nspell": {
      "version": "2.1.5",
      "resolved": "https://registry.npm.taobao.org/nspell/download/nspell-2.1.5.tgz",
      "integrity": "sha1-hdUe9xSZ2nLYmfJh1zmeovxgdjM=",
      "requires": {
        "is-buffer": "^2.0.0"
      }
    },
    "once": {
      "version": "1.4.0",
      "resolved": "https://registry.npm.taobao.org/once/download/once-1.4.0.tgz",
      "integrity": "sha1-WDsap3WWHUsROsF9nFC6753Xa9E=",
      "requires": {
        "wrappy": "1"
      }
    },
    "pako": {
      "version": "1.0.11",
      "resolved": "https://registry.npm.taobao.org/pako/download/pako-1.0.11.tgz?cache=0&sync_timestamp=1610208910632&other_urls=https%3A%2F%2Fregistry.npm.taobao.org%2Fpako%2Fdownload%2Fpako-1.0.11.tgz",
      "integrity": "sha1-bJWZ00DVTf05RjgCUqNXBaa5kr8="
    },
    "path": {
      "version": "git://github.com/component/path.git#7b4f23c38833a5232cd5e3d50ccb8cd13dbcd2f4",
      "from": "git://github.com/component/path.git#7b4f23c38833a5232cd5e3d50ccb8cd13dbcd2f4"
    },
    "path-is-absolute": {
      "version": "1.0.1",
      "resolved": "https://registry.npm.taobao.org/path-is-absolute/download/path-is-absolute-1.0.1.tgz",
      "integrity": "sha1-F0uSaHNVNP+8es5r9TpanhtcX18="
    },
    "pify": {
      "version": "3.0.0",
      "resolved": "https://registry.npm.taobao.org/pify/download/pify-3.0.0.tgz",
      "integrity": "sha1-5aSs0sEB/fPZpNB/DbxNtJ3SgXY="
    },
    "process-nextick-args": {
      "version": "2.0.1",
      "resolved": "https://registry.npm.taobao.org/process-nextick-args/download/process-nextick-args-2.0.1.tgz",
      "integrity": "sha1-eCDZsWEgzFXKmud5JoCufbptf+I="
    },
    "read-chunk": {
      "version": "2.1.0",
      "resolved": "https://registry.npm.taobao.org/read-chunk/download/read-chunk-2.1.0.tgz",
      "integrity": "sha1-agTAkoAF7Z1C4aasVgDhnLx/9lU=",
      "requires": {
        "pify": "^3.0.0",
        "safe-buffer": "^5.1.1"
      }
    },
    "readable-stream": {
      "version": "1.1.14",
      "resolved": "https://registry.npm.taobao.org/readable-stream/download/readable-stream-1.1.14.tgz",
      "integrity": "sha1-fPTFTvZI44EwhMY23SB54WbAgdk=",
      "requires": {
        "core-util-is": "~1.0.0",
        "inherits": "~2.0.1",
        "isarray": "0.0.1",
        "string_decoder": "~0.10.x"
      }
    },
    "safe-buffer": {
      "version": "5.2.1",
      "resolved": "https://registry.npm.taobao.org/safe-buffer/download/safe-buffer-5.2.1.tgz",
      "integrity": "sha1-Hq+fqb2x/dTsdfWPnNtOa3gn7sY="
    },
    "shelljs": {
      "version": "0.3.0",
      "resolved": "https://registry.npm.taobao.org/shelljs/download/shelljs-0.3.0.tgz",
      "integrity": "sha1-NZbmMHp4FUT1kfN9phg2DzHbV7E="
    },
    "string-to-arraybuffer": {
      "version": "1.0.2",
      "resolved": "https://registry.npm.taobao.org/string-to-arraybuffer/download/string-to-arraybuffer-1.0.2.tgz",
      "integrity": "sha1-FhFH+63qAuKLCTUALOxMQPHKfwo=",
      "requires": {
        "atob-lite": "^2.0.0",
        "is-base64": "^0.1.0"
      }
    },
    "string_decoder": {
      "version": "0.10.31",
      "resolved": "https://registry.npm.taobao.org/string_decoder/download/string_decoder-0.10.31.tgz",
      "integrity": "sha1-YuIDvEF2bGwoyfyEMB2rHFMQ+pQ="
    },
    "strip-json-comments": {
      "version": "1.0.4",
      "resolved": "https://registry.npm.taobao.org/strip-json-comments/download/strip-json-comments-1.0.4.tgz?cache=0&sync_timestamp=1594571796132&other_urls=https%3A%2F%2Fregistry.npm.taobao.org%2Fstrip-json-comments%2Fdownload%2Fstrip-json-comments-1.0.4.tgz",
      "integrity": "sha1-HhX7ysl9Pumb8tc7TGVrCCu6+5E="
    },
    "sylvester": {
      "version": "0.0.12",
      "resolved": "https://registry.npm.taobao.org/sylvester/download/sylvester-0.0.12.tgz",
      "integrity": "sha1-WohEFc0tACxX56OqyZRip1zp/bQ="
    },
    "text-encoding": {
      "version": "0.6.4",
      "resolved": "https://registry.npm.taobao.org/text-encoding/download/text-encoding-0.6.4.tgz",
      "integrity": "sha1-45mpgiV6J22uQou5KEXLcb3CbRk="
    },
    "underscore": {
      "version": "1.12.1",
      "resolved": "https://registry.npm.taobao.org/underscore/download/underscore-1.12.1.tgz?cache=0&sync_timestamp=1615814440722&other_urls=https%3A%2F%2Fregistry.npm.taobao.org%2Funderscore%2Fdownload%2Funderscore-1.12.1.tgz",
      "integrity": "sha1-e7jMmz05fiAc+FUzNtJiVE6tgp4="
    },
    "util-deprecate": {
      "version": "1.0.2",
      "resolved": "https://registry.npm.taobao.org/util-deprecate/download/util-deprecate-1.0.2.tgz",
      "integrity": "sha1-RQ1Nyfpw3nMnYvvS1KKJgUGaDM8="
    },
    "wordnet-db": {
      "version": "3.1.14",
      "resolved": "https://registry.npm.taobao.org/wordnet-db/download/wordnet-db-3.1.14.tgz",
      "integrity": "sha1-e6HsLLVzA5PwhW78xzimAIVCYZk="
    },
    "wrappy": {
      "version": "1.0.2",
      "resolved": "https://registry.npm.taobao.org/wrappy/download/wrappy-1.0.2.tgz",
      "integrity": "sha1-tSQ9jz7BqjXxNkYFvA0QNuMKtp8="
    },
    "xmldom": {
      "version": "0.1.31",
      "resolved": "https://registry.npm.taobao.org/xmldom/download/xmldom-0.1.31.tgz?cache=0&sync_timestamp=1615270394430&other_urls=https%3A%2F%2Fregistry.npm.taobao.org%2Fxmldom%2Fdownload%2Fxmldom-0.1.31.tgz",
      "integrity": "sha1-t2yaG9nwqXN+WnLcNyMc84N14v8="
    }
  }
}
